
Microsoft Visual Studio Solution File, Format Version 12.00
# Visual Studio Version 17
VisualStudioVersion = 17.4.33213.308
MinimumVisualStudioVersion = 10.0.40219.1
Project("{8BC9CEB8-8B4A-11D0-8D11-00A0C91BC942}") = "ExampleProject", "ExampleProject\ExampleProject.vcxproj", "{55FD45DD-377D-4C46-B1A0-2D365C76A66B}"
EndProject
Global
	GlobalSection(SolutionConfigurationPlatforms) = preSolution
		Debug|x64 = Debug|x64
		Debug|x86 = Debug|x86
		Release|x64 = Release|x64
		Release|x86 = Release|x86
	EndGlobalSection
	GlobalSection(ProjectConfigurationPlatforms) = postSolution
		{55FD45DD-377D-4C46-B1A0-2D365C76A66B}.Debug|x64.ActiveCfg = Debug|x64
		{55FD45DD-377D-4C46-B1A0-2D365C76A66B}.Debug|x64.Build.0 = Debug|x64
		{55FD45DD-377D-4C46-B1A0-2D365C76A66B}.Debug|x86.ActiveCfg = Debug|Win32
		{55FD45DD-377D-4C46-B1A0-2D365C76A66B}.Debug|x86.Build.0 = Debug|Win32
		{55FD45DD-377D-4C46-B1A0-2D365C76A66B}.Release|x64.ActiveCfg = Release|x64
		{55FD45DD-377D-4C46-B1A0-2D365C76A66B}.Release|x64.Build.0 = Release|x64
		{55FD45DD-377D-4C46-B1A0-2D365C76A66B}.Release|x86.ActiveCfg = Release|Win32
		{55FD45DD-377D-4C46-B1A0-2D365C76A66B}.Release|x86.Build.0 = Release|Win32
	EndGlobalSection
	GlobalSection(SolutionProperties) = preSolution
		HideSolutionNode = FALSE
	EndGlobalSection
	GlobalSection(ExtensibilityGlobals) = postSolution
		SolutionGuid = {0B616917-7AFF-4347-9DE5-15576D61B902}
	EndGlobalSection
EndGlobal
